// !$*UTF8*$!
{
	archiveVersion = 1;
	classes = {
	};
	objectVersion = 48;
	objects = {

/* Begin PBXBuildFile section */
		335052F4200A41CF002BD52E /* EngraveRobot.swift in Sources */ = {isa = PBXBuildFile; fileRef = 335052F3200A41CF002BD52E /* EngraveRobot.swift */; };
		335052F6200B188A002BD52E /* Detect.swift in Sources */ = {isa = PBXBuildFile; fileRef = 335052F5200B188A002BD52E /* Detect.swift */; };
		336CE1D01FFC5EF8005B3430 /* AppDelegate.swift in Sources */ = {isa = PBXBuildFile; fileRef = 336CE1CF1FFC5EF8005B3430 /* AppDelegate.swift */; };
		336CE1D21FFC5EF8005B3430 /* ViewController.swift in Sources */ = {isa = PBXBuildFile; fileRef = 336CE1D11FFC5EF8005B3430 /* ViewController.swift */; };
		336CE1D41FFC5EF8005B3430 /* Assets.xcassets in Resources */ = {isa = PBXBuildFile; fileRef = 336CE1D31FFC5EF8005B3430 /* Assets.xcassets */; };
		336CE1D71FFC5EF8005B3430 /* Main.storyboard in Resources */ = {isa = PBXBuildFile; fileRef = 336CE1D51FFC5EF8005B3430 /* Main.storyboard */; };
		33E2B48B200C3C1900A1E24D /* PreviewView.swift in Sources */ = {isa = PBXBuildFile; fileRef = 33E2B48A200C3C1900A1E24D /* PreviewView.swift */; };
/* End PBXBuildFile section */

/* Begin PBXFileReference section */
		335052F3200A41CF002BD52E /* EngraveRobot.swift */ = {isa = PBXFileReference; lastKnownFileType = sourcecode.swift; path = EngraveRobot.swift; sourceTree = "<group>"; };
		335052F5200B188A002BD52E /* Detect.swift */ = {isa = PBXFileReference; lastKnownFileType = sourcecode.swift; path = Detect.swift; sourceTree = "<group>"; };
		336CE1CC1FFC5EF8005B3430 /* Jumpelper.app */ = {isa = PBXFileReference; explicitFileType = wrapper.application; includeInIndex = 0; path = Jumpelper.app; sourceTree = BUILT_PRODUCTS_DIR; };
		336CE1CF1FFC5EF8005B3430 /* AppDelegate.swift */ = {isa = PBXFileReference; lastKnownFileType = sourcecode.swift; path = AppDelegate.swift; sourceTree = "<group>"; };
		336CE1D11FFC5EF8005B3430 /* ViewController.swift */ = {isa = PBXFileReference; lastKnownFileType = sourcecode.swift; path = ViewController.swift; sourceTree = "<group>"; };
		336CE1D31FFC5EF8005B3430 /* Assets.xcassets */ = {isa = PBXFileReference; lastKnownFileType = folder.assetcatalog; path = Assets.xcassets; sourceTree = "<group>"; };
		336CE1D61FFC5EF8005B3430 /* Base */ = {isa = PBXFileReference; lastKnownFileType = file.storyboard; name = Base; path = Base.lproj/Main.storyboard; sourceTree = "<group>"; };
		336CE1D81FFC5EF8005B3430 /* Info.plist */ = {isa = PBXFileReference; lastKnownFileType = text.plist.xml; path = Info.plist; sourceTree = "<group>"; };
		336CE1D91FFC5EF8005B3430 /* Jumpelper.entitlements */ = {isa = PBXFileReference; lastKnownFileType = text.plist.entitlements; path = Jumpelper.entitlements; sourceTree = "<group>"; };
		33E2B48A200C3C1900A1E24D /* PreviewView.swift */ = {isa = PBXFileReference; lastKnownFileType = sourcecode.swift; path = PreviewView.swift; sourceTree = "<group>"; };
/* End PBXFileReference section */

/* Begin PBXFrameworksBuildPhase section */
		336CE1C91FFC5EF8005B3430 /* Frameworks */ = {
			isa = PBXFrameworksBuildPhase;
			buildActionMask = 2147483647;
			files = (
			);
			runOnlyForDeploymentPostprocessing = 0;
		};
/* End PBXFrameworksBuildPhase section */

/* Begin PBXGroup section */
		336CE1C31FFC5EF8005B3430 = {
			isa = PBXGroup;
			children = (
				336CE1CE1FFC5EF8005B3430 /* Jumpelper */,
				336CE1CD1FFC5EF8005B3430 /* Products */,
			);
			sourceTree = "<group>";
		};
		336CE1CD1FFC5EF8005B3430 /* Products */ = {
			isa = PBXGroup;
			children = (
				336CE1CC1FFC5EF8005B3430 /* Jumpelper.app */,
			);
			name = Products;
			sourceTree = "<group>";
		};
		336CE1CE1FFC5EF8005B3430 /* Jumpelper */ = {
			isa = PBXGroup;
			children = (
				336CE1CF1FFC5EF8005B3430 /* AppDelegate.swift */,
				335052F3200A41CF002BD52E /* EngraveRobot.swift */,
				336CE1D11FFC5EF8005B3430 /* ViewController.swift */,
				33E2B48A200C3C1900A1E24D /* PreviewView.swift */,
				335052F5200B188A002BD52E /* Detect.swift */,
				336CE1D31FFC5EF8005B3430 /* Assets.xcassets */,
				336CE1D51FFC5EF8005B3430 /* Main.storyboard */,
				336CE1D81FFC5EF8005B3430 /* Info.plist */,
				336CE1D91FFC5EF8005B3430 /* Jumpelper.entitlements */,
			);
			path = Jumpelper;
			sourceTree = "<group>";
		};
/* End PBXGroup section */

/* Begin PBXNativeTarget section */
		336CE1CB1FFC5EF8005B3430 /* Jumpelper */ = {
			isa = PBXNativeTarget;
			buildConfigurationList = 336CE1DC1FFC5EF8005B3430 /* Build configuration list for PBXNativeTarget "Jumpelper" */;
			buildPhases = (
				336CE1C81FFC5EF8005B3430 /* Sources */,
				336CE1C91FFC5EF8005B3430 /* Frameworks */,
				336CE1CA1FFC5EF8005B3430 /* Resources */,
			);
			buildRules = (
			);
			dependencies = (
			);
			name = Jumpelper;
			productName = Jumpelper;
			productReference = 336CE1CC1FFC5EF8005B3430 /* Jumpelper.app */;
			productType = "com.apple.product-type.application";
		};
/* End PBXNativeTarget section */

/* Begin PBXProject section */
		336CE1C41FFC5EF8005B3430 /* Project object */ = {
			isa = PBXProject;
			attributes = {
				LastSwiftUpdateCheck = 0920;
				LastUpgradeCheck = 0920;
				ORGANIZATIONNAME = zhangxi;
				TargetAttributes = {
					336CE1CB1FFC5EF8005B3430 = {
						CreatedOnToolsVersion = 9.2;
						ProvisioningStyle = Automatic;
						SystemCapabilities = {
							com.apple.Sandbox = {
								enabled = 0;
							};
						};
					};
				};
			};
			buildConfigurationList = 336CE1C71FFC5EF8005B3430 /* Build configuration list for PBXProject "Jumpelper" */;
			compatibilityVersion = "Xcode 8.0";
			developmentRegion = en;
			hasScannedForEncodings = 0;
			knownRegions = (
				en,
				Base,
			);
			mainGroup = 336CE1C31FFC5EF8005B3430;
			productRefGroup = 336CE1CD1FFC5EF8005B3430 /* Products */;
			projectDirPath = "";
			projectRoot = "";
			targets = (
				336CE1CB1FFC5EF8005B3430 /* Jumpelper */,
			);
		};
/* End PBXProject section */

/* Begin PBXResourcesBuildPhase section */
		336CE1CA1FFC5EF8005B3430 /* Resources */ = {
			isa = PBXResourcesBuildPhase;
			buildActionMask = 2147483647;
			files = (
				336CE1D41FFC5EF8005B3430 /* Assets.xcassets in Resources */,
				336CE1D71FFC5EF8005B3430 /* Main.storyboard in Resources */,
			);
			runOnlyForDeploymentPostprocessing = 0;
		};
/* End PBXResourcesBuildPhase section */

/* Begin PBXSourcesBuildPhase section */
		336CE1C81FFC5EF8005B3430 /* Sources */ = {
			isa = PBXSourcesBuildPhase;
			buildActionMask = 2147483647;
			files = (
				33E2B48B200C3C1900A1E24D /* PreviewView.swift in Sources */,
				335052F6200B188A002BD52E /* Detect.swift in Sources */,
				335052F4200A41CF002BD52E /* EngraveRobot.swift in Sources */,
				336CE1D21FFC5EF8005B3430 /* ViewController.swift in Sources */,
				336CE1D01FFC5EF8005B3430 /* AppDelegate.swift in Sources */,
			);
			runOnlyForDeploymentPostprocessing = 0;
		};
/* End PBXSourcesBuildPhase section */

/* Begin PBXVariantGroup section */
		336CE1D51FFC5EF8005B3430 /* Main.storyboard */ = {
			isa = PBXVariantGroup;
			children = (
				336CE1D61FFC5EF8005B3430 /* Base */,
			);
			name = Main.storyboard;
			sourceTree = "<group>";
		};
/* End PBXVariantGroup section */

/* Begin XCBuildConfiguration section */
		336CE1DA1FFC5EF8005B3430 /* Debug */ = {
			isa = XCBuildConfiguration;
			buildSettings = {
				ALWAYS_SEARCH_USER_PATHS = NO;
				CLANG_ANALYZER_NONNULL = YES;
				CLANG_ANALYZER_NUMBER_OBJECT_CONVERSION = YES_AGGRESSIVE;
				CLANG_CXX_LANGUAGE_STANDARD = "gnu++14";
				CLANG_CXX_LIBRARY = "libc++";
				CLANG_ENABLE_MODULES = YES;
				CLANG_ENABLE_OBJC_ARC = YES;
				CLANG_WARN_BLOCK_CAPTURE_AUTORELEASING = YES;
				CLANG_WARN_BOOL_CONVERSION = YES;
				CLANG_WARN_COMMA = YES;
				CLANG_WARN_CONSTANT_CONVERSION = YES;
				CLANG_WARN_DIRECT_OBJC_ISA_USAGE = YES_ERROR;
				CLANG_WARN_DOCUMENTATION_COMMENTS = YES;
				CLANG_WARN_EMPTY_BODY = YES;
				CLANG_WARN_ENUM_CONVERSION = YES;
				CLANG_WARN_INFINITE_RECURSION = YES;
				CLANG_WARN_INT_CONVERSION = YES;
				CLANG_WARN_NON_LITERAL_NULL_CONVERSION = YES;
				CLANG_WARN_OBJC_LITERAL_CONVERSION = YES;
				CLANG_WARN_OBJC_ROOT_CLASS = YES_ERROR;
				CLANG_WARN_RANGE_LOOP_ANALYSIS = YES;
				CLANG_WARN_STRICT_PROTOTYPES = YES;
				CLANG_WARN_SUSPICIOUS_MOVE = YES;
				CLANG_WARN_UNGUARDED_AVAILABILITY = YES_AGGRESSIVE;
				CLANG_WARN_UNREACHABLE_CODE = YES;
				CLANG_WARN__DUPLICATE_METHOD_MATCH = YES;
				CODE_SIGN_IDENTITY = "Mac Developer";
				COPY_PHASE_STRIP = NO;
				DEBUG_INFORMATION_FORMAT = dwarf;
				ENABLE_STRICT_OBJC_MSGSEND = YES;
				ENABLE_TESTABILITY = YES;
				GCC_C_LANGUAGE_STANDARD = gnu11;
				GCC_DYNAMIC_NO_PIC = NO;
				GCC_NO_COMMON_BLOCKS = YES;
				GCC_OPTIMIZATION_LEVEL = 0;
				GCC_PREPROCESSOR_DEFINITIONS = (
					"DEBUG=1",
					"$(inherited)",
				);
				GCC_WARN_64_TO_32_BIT_CONVERSION = YES;
				GCC_WARN_ABOUT_RETURN_TYPE = YES_ERROR;
				GCC_WARN_UNDECLARED_SELECTOR = YES;
				GCC_WARN_UNINITIALIZED_AUTOS = YES_AGGRESSIVE;
				GCC_WARN_UNUSED_FUNCTION = YES;
				GCC_WARN_UNUSED_VARIABLE = YES;
				MACOSX_DEPLOYMENT_TARGET = 10.13;
				MTL_ENABLE_DEBUG_INFO = YES;
				ONLY_ACTIVE_ARCH = YES;
				SDKROOT = macosx;
				SWIFT_ACTIVE_COMPILATION_CONDITIONS = DEBUG;
				SWIFT_OPTIMIZATION_LEVEL = "-Onone";
			};
			name = Debug;
		};
		336CE1DB1FFC5EF8005B3430 /* Release */ = {
			isa = XCBuildConfiguration;
			buildSettings = {
				ALWAYS_SEARCH_USER_PATHS = NO;
				CLANG_ANALYZER_NONNULL = YES;
				CLANG_ANALYZER_NUMBER_OBJECT_CONVERSION = YES_AGGRESSIVE;
				CLANG_CXX_LANGUAGE_STANDARD = "gnu++14";
				CLANG_CXX_LIBRARY = "libc++";
				CLANG_ENABLE_MODULES = YES;
				CLANG_ENABLE_OBJC_ARC = YES;
				CLANG_WARN_BLOCK_CAPTURE_AUTORELEASING = YES;
				CLANG_WARN_BOOL_CONVERSION = YES;
				CLANG_WARN_COMMA = YES;
				CLANG_WARN_CONSTANT_CONVERSION = YES;
				CLANG_WARN_DIRECT_OBJC_ISA_USAGE = YES_ERROR;
				CLANG_WARN_DOCUMENTATION_COMMENTS = YES;
				CLANG_WARN_EMPTY_BODY = YES;
				CLANG_WARN_ENUM_CONVERSION = YES;
				CLANG_WARN_INFINITE_RECURSION = YES;
				CLANG_WARN_INT_CONVERSION = YES;
				CLANG_WARN_NON_LITERAL_NULL_CONVERSION = YES;
				CLANG_WARN_OBJC_LITERAL_CONVERSION = YES;
				CLANG_WARN_OBJC_ROOT_CLASS = YES_ERROR;
				CLANG_WARN_RANGE_LOOP_ANALYSIS = YES;
				CLANG_WARN_STRICT_PROTOTYPES = YES;
				CLANG_WARN_SUSPICIOUS_MOVE = YES;
				CLANG_WARN_UNGUARDED_AVAILABILITY = YES_AGGRESSIVE;
				CLANG_WARN_UNREACHABLE_CODE = YES;
				CLANG_WARN__DUPLICATE_METHOD_MATCH = YES;
				CODE_SIGN_IDENTITY = "Mac Developer";
				COPY_PHASE_STRIP = NO;
				DEBUG_INFORMATION_FORMAT = "dwarf-with-dsym";
				ENABLE_NS_ASSERTIONS = NO;
				ENABLE_STRICT_OBJC_MSGSEND = YES;
				GCC_C_LANGUAGE_STANDARD = gnu11;
				GCC_NO_COMMON_BLOCKS = YES;
				GCC_WARN_64_TO_32_BIT_CONVERSION = YES;
				GCC_WARN_ABOUT_RETURN_TYPE = YES_ERROR;
				GCC_WARN_UNDECLARED_SELECTOR = YES;
				GCC_WARN_UNINITIALIZED_AUTOS = YES_AGGRESSIVE;
				GCC_WARN_UNUSED_FUNCTION = YES;
				GCC_WARN_UNUSED_VARIABLE = YES;
				MACOSX_DEPLOYMENT_TARGET = 10.13;
				MTL_ENABLE_DEBUG_INFO = NO;
				SDKROOT = macosx;
				SWIFT_OPTIMIZATION_LEVEL = "-Owholemodule";
			};
			name = Release;
		};
		336CE1DD1FFC5EF8005B3430 /* Debug */ = {
			isa = XCBuildConfiguration;
			buildSettings = {
				ASSETCATALOG_COMPILER_APPICON_NAME = AppIcon;
				CODE_SIGN_STYLE = Automatic;
				COMBINE_HIDPI_IMAGES = YES;
				DEVELOPMENT_TEAM = 54TGPDSGF2;
				INFOPLIST_FILE = Jumpelper/Info.plist;
				LD_RUNPATH_SEARCH_PATHS = "$(inherited) @executable_path/../Frameworks";
				PRODUCT_BUNDLE_IDENTIFIER = me.zhangxi.Jumpelper;
				PRODUCT_NAME = "$(TARGET_NAME)";
				SWIFT_VERSION = 4.0;
			};
			name = Debug;
		};
		336CE1DE1FFC5EF8005B3430 /* Release */ = {
			isa = XCBuildConfiguration;
			buildSettings = {
				ASSETCATALOG_COMPILER_APPICON_NAME = AppIcon;
				CODE_SIGN_STYLE = Automatic;
				COMBINE_HIDPI_IMAGES = YES;
				DEVELOPMENT_TEAM = 54TGPDSGF2;
				INFOPLIST_FILE = Jumpelper/Info.plist;
				LD_RUNPATH_SEARCH_PATHS = "$(inherited) @executable_path/../Frameworks";
				PRODUCT_BUNDLE_IDENTIFIER = me.zhangxi.Jumpelper;
				PRODUCT_NAME = "$(TARGET_NAME)";
				SWIFT_VERSION = 4.0;
			};
			name = Release;
		};
/* End XCBuildConfiguration section */

/* Begin XCConfigurationList section */
		336CE1C71FFC5EF8005B3430 /* Build configuration list for PBXProject "Jumpelper" */ = {
			isa = XCConfigurationList;
			buildConfigurations = (
				336CE1DA1FFC5EF8005B3430 /* Debug */,
				336CE1DB1FFC5EF8005B3430 /* Release */,
			);
			defaultConfigurationIsVisible = 0;
			defaultConfigurationName = Release;
		};
		336CE1DC1FFC5EF8005B3430 /* Build configuration list for PBXNativeTarget "Jumpelper" */ = {
			isa = XCConfigurationList;
			buildConfigurations = (
				336CE1DD1FFC5EF8005B3430 /* Debug */,
				336CE1DE1FFC5EF8005B3430 /* Release */,
			);
			defaultConfigurationIsVisible = 0;
			defaultConfigurationName = Release;
		};
/* End XCConfigurationList section */
	};
	rootObject = 336CE1C41FFC5EF8005B3430 /* Project object */;
}
